// !$*UTF8*$!
{
	archiveVersion = 1;
	classes = {
	};
	objectVersion = 50;
	objects = {

/* Begin PBXBuildFile section */
		DEFB0AED2126EC7F000A60C8 /* AppDelegate.swift in Sources */ = {isa = PBXBuildFile; fileRef = DEFB0AEC2126EC7F000A60C8 /* AppDelegate.swift */; };
		DEFB0AEF2126EC7F000A60C8 /* ViewController.swift in Sources */ = {isa = PBXBuildFile; fileRef = DEFB0AEE2126EC7F000A60C8 /* ViewController.swift */; };
		DEFB0AF22126EC7F000A60C8 /* Main.storyboard in Resources */ = {isa = PBXBuildFile; fileRef = DEFB0AF02126EC7F000A60C8 /* Main.storyboard */; };
		DEFB0AF42126EC80000A60C8 /* Assets.xcassets in Resources */ = {isa = PBXBuildFile; fileRef = DEFB0AF32126EC80000A60C8 /* Assets.xcassets */; };
		DEFB0AF72126EC80000A60C8 /* LaunchScreen.storyboard in Resources */ = {isa = PBXBuildFile; fileRef = DEFB0AF52126EC80000A60C8 /* LaunchScreen.storyboard */; };
/* End PBXBuildFile section */

/* Begin PBXFileReference section */
		DEFB0AE92126EC7F000A60C8 /* SwipeToPauseAnimation.app */ = {isa = PBXFileReference; explicitFileType = wrapper.application; includeInIndex = 0; path = SwipeToPauseAnimation.app; sourceTree = BUILT_PRODUCTS_DIR; };
		DEFB0AEC2126EC7F000A60C8 /* AppDelegate.swift */ = {isa = PBXFileReference; lastKnownFileType = sourcecode.swift; path = AppDelegate.swift; sourceTree = "<group>"; };
		DEFB0AEE2126EC7F000A60C8 /* ViewController.swift */ = {isa = PBXFileReference; lastKnownFileType = sourcecode.swift; path = ViewController.swift; sourceTree = "<group>"; };
		DEFB0AF12126EC7F000A60C8 /* Base */ = {isa = PBXFileReference; lastKnownFileType = file.storyboard; name = Base; path = Base.lproj/Main.storyboard; sourceTree = "<group>"; };
		DEFB0AF32126EC80000A60C8 /* Assets.xcassets */ = {isa = PBXFileReference; lastKnownFileType = folder.assetcatalog; path = Assets.xcassets; sourceTree = "<group>"; };
		DEFB0AF62126EC80000A60C8 /* Base */ = {isa = PBXFileReference; lastKnownFileType = file.storyboard; name = Base; path = Base.lproj/LaunchScreen.storyboard; sourceTree = "<group>"; };
		DEFB0AF82126EC80000A60C8 /* Info.plist */ = {isa = PBXFileReference; lastKnownFileType = text.plist.xml; path = Info.plist; sourceTree = "<group>"; };
/* End PBXFileReference section */

/* Begin PBXFrameworksBuildPhase section */
		DEFB0AE62126EC7F000A60C8 /* Frameworks */ = {
			isa = PBXFrameworksBuildPhase;
			buildActionMask = 2147483647;
			files = (
			);
			runOnlyForDeploymentPostprocessing = 0;
		};
/* End PBXFrameworksBuildPhase section */

/* Begin PBXGroup section */
		DEFB0AE02126EC7F000A60C8 = {
			isa = PBXGroup;
			children = (
				DEFB0AEB2126EC7F000A60C8 /* SwipeToPauseAnimation */,
				DEFB0AEA2126EC7F000A60C8 /* Products */,
			);
			sourceTree = "<group>";
		};
		DEFB0AEA2126EC7F000A60C8 /* Products */ = {
			isa = PBXGroup;
			children = (
				DEFB0AE92126EC7F000A60C8 /* SwipeToPauseAnimation.app */,
			);
			name = Products;
			sourceTree = "<group>";
		};
		DEFB0AEB2126EC7F000A60C8 /* SwipeToPauseAnimation */ = {
			isa = PBXGroup;
			children = (
				DEFB0AEC2126EC7F000A60C8 /* AppDelegate.swift */,
				DEFB0AEE2126EC7F000A60C8 /* ViewController.swift */,
				DEFB0AF02126EC7F000A60C8 /* Main.storyboard */,
				DEFB0AF32126EC80000A60C8 /* Assets.xcassets */,
				DEFB0AF52126EC80000A60C8 /* LaunchScreen.storyboard */,
				DEFB0AF82126EC80000A60C8 /* Info.plist */,
			);
			path = SwipeToPauseAnimation;
			sourceTree = "<group>";
		};
/* End PBXGroup section */

/* Begin PBXNativeTarget section */
		DEFB0AE82126EC7F000A60C8 /* SwipeToPauseAnimation */ = {
			isa = PBXNativeTarget;
			buildConfigurationList = DEFB0AFB2126EC80000A60C8 /* Build configuration list for PBXNativeTarget "SwipeToPauseAnimation" */;
			buildPhases = (
				DEFB0AE52126EC7F000A60C8 /* Sources */,
				DEFB0AE62126EC7F000A60C8 /* Frameworks */,
				DEFB0AE72126EC7F000A60C8 /* Resources */,
			);
			buildRules = (
			);
			dependencies = (
			);
			name = SwipeToPauseAnimation;
			productName = SwipeToPauseAnimation;
			productReference = DEFB0AE92126EC7F000A60C8 /* SwipeToPauseAnimation.app */;
			productType = "com.apple.product-type.application";
		};
/* End PBXNativeTarget section */

/* Begin PBXProject section */
		DEFB0AE12126EC7F000A60C8 /* Project object */ = {
			isa = PBXProject;
			attributes = {
				LastSwiftUpdateCheck = 0940;
				LastUpgradeCheck = 0940;
				ORGANIZATIONNAME = Viktor_Original;
				TargetAttributes = {
					DEFB0AE82126EC7F000A60C8 = {
						CreatedOnToolsVersion = 9.4.1;
					};
				};
			};
			buildConfigurationList = DEFB0AE42126EC7F000A60C8 /* Build configuration list for PBXProject "SwipeToPauseAnimation" */;
			compatibilityVersion = "Xcode 9.3";
			developmentRegion = en;
			hasScannedForEncodings = 0;
			knownRegions = (
				en,
				Base,
			);
			mainGroup = DEFB0AE02126EC7F000A60C8;
			productRefGroup = DEFB0AEA2126EC7F000A60C8 /* Products */;
			projectDirPath = "";
			projectRoot = "";
			targets = (
				DEFB0AE82126EC7F000A60C8 /* SwipeToPauseAnimation */,
			);
		};
/* End PBXProject section */

/* Begin PBXResourcesBuildPhase section */
		DEFB0AE72126EC7F000A60C8 /* Resources */ = {
			isa = PBXResourcesBuildPhase;
			buildActionMask = 2147483647;
			files = (
				DEFB0AF72126EC80000A60C8 /* LaunchScreen.storyboard in Resources */,
				DEFB0AF42126EC80000A60C8 /* Assets.xcassets in Resources */,
				DEFB0AF22126EC7F000A60C8 /* Main.storyboard in Resources */,
			);
			runOnlyForDeploymentPostprocessing = 0;
		};
/* End PBXResourcesBuildPhase section */

/* Begin PBXSourcesBuildPhase section */
		DEFB0AE52126EC7F000A60C8 /* Sources */ = {
			isa = PBXSourcesBuildPhase;
			buildActionMask = 2147483647;
			files = (
				DEFB0AEF2126EC7F000A60C8 /* ViewController.swift in Sources */,
				DEFB0AED2126EC7F000A60C8 /* AppDelegate.swift in Sources */,
			);
			runOnlyForDeploymentPostprocessing = 0;
		};
/* End PBXSourcesBuildPhase section */

/* Begin PBXVariantGroup section */
		DEFB0AF02126EC7F000A60C8 /* Main.storyboard */ = {
			isa = PBXVariantGroup;
			children = (
				DEFB0AF12126EC7F000A60C8 /* Base */,
			);
			name = Main.storyboard;
			sourceTree = "<group>";
		};
		DEFB0AF52126EC80000A60C8 /* LaunchScreen.storyboard */ = {
			isa = PBXVariantGroup;
			children = (
				DEFB0AF62126EC80000A60C8 /* Base */,
			);
			name = LaunchScreen.storyboard;
			sourceTree = "<group>";
		};
/* End PBXVariantGroup section */

/* Begin XCBuildConfiguration section */
		DEFB0AF92126EC80000A60C8 /* Debug */ = {
			isa = XCBuildConfiguration;
			buildSettings = {
				ALWAYS_SEARCH_USER_PATHS = NO;
				CLANG_ANALYZER_NONNULL = YES;
				CLANG_ANALYZER_NUMBER_OBJECT_CONVERSION = YES_AGGRESSIVE;
				CLANG_CXX_LANGUAGE_STANDARD = "gnu++14";
				CLANG_CXX_LIBRARY = "libc++";
				CLANG_ENABLE_MODULES = YES;
				CLANG_ENABLE_OBJC_ARC = YES;
				CLANG_ENABLE_OBJC_WEAK = YES;
				CLANG_WARN_BLOCK_CAPTURE_AUTORELEASING = YES;
				CLANG_WARN_BOOL_CONVERSION = YES;
				CLANG_WARN_COMMA = YES;
				CLANG_WARN_CONSTANT_CONVERSION = YES;
				CLANG_WARN_DEPRECATED_OBJC_IMPLEMENTATIONS = YES;
				CLANG_WARN_DIRECT_OBJC_ISA_USAGE = YES_ERROR;
				CLANG_WARN_DOCUMENTATION_COMMENTS = YES;
				CLANG_WARN_EMPTY_BODY = YES;
				CLANG_WARN_ENUM_CONVERSION = YES;
				CLANG_WARN_INFINITE_RECURSION = YES;
				CLANG_WARN_INT_CONVERSION = YES;
				CLANG_WARN_NON_LITERAL_NULL_CONVERSION = YES;
				CLANG_WARN_OBJC_IMPLICIT_RETAIN_SELF = YES;
				CLANG_WARN_OBJC_LITERAL_CONVERSION = YES;
				CLANG_WARN_OBJC_ROOT_CLASS = YES_ERROR;
				CLANG_WARN_RANGE_LOOP_ANALYSIS = YES;
				CLANG_WARN_STRICT_PROTOTYPES = YES;
				CLANG_WARN_SUSPICIOUS_MOVE = YES;
				CLANG_WARN_UNGUARDED_AVAILABILITY = YES_AGGRESSIVE;
				CLANG_WARN_UNREACHABLE_CODE = YES;
				CLANG_WARN__DUPLICATE_METHOD_MATCH = YES;
				CODE_SIGN_IDENTITY = "iPhone Developer";
				COPY_PHASE_STRIP = NO;
				DEBUG_INFORMATION_FORMAT = dwarf;
				ENABLE_STRICT_OBJC_MSGSEND = YES;
				ENABLE_TESTABILITY = YES;
				GCC_C_LANGUAGE_STANDARD = gnu11;
				GCC_DYNAMIC_NO_PIC = NO;
				GCC_NO_COMMON_BLOCKS = YES;
				GCC_OPTIMIZATION_LEVEL = 0;
				GCC_PREPROCESSOR_DEFINITIONS = (
					"DEBUG=1",
					"$(inherited)",
				);
				GCC_WARN_64_TO_32_BIT_CONVERSION = YES;
				GCC_WARN_ABOUT_RETURN_TYPE = YES_ERROR;
				GCC_WARN_UNDECLARED_SELECTOR = YES;
				GCC_WARN_UNINITIALIZED_AUTOS = YES_AGGRESSIVE;
				GCC_WARN_UNUSED_FUNCTION = YES;
				GCC_WARN_UNUSED_VARIABLE = YES;
				IPHONEOS_DEPLOYMENT_TARGET = 11.4;
				MTL_ENABLE_DEBUG_INFO = YES;
				ONLY_ACTIVE_ARCH = YES;
				SDKROOT = iphoneos;
				SWIFT_ACTIVE_COMPILATION_CONDITIONS = DEBUG;
				SWIFT_OPTIMIZATION_LEVEL = "-Onone";
			};
			name = Debug;
		};
		DEFB0AFA2126EC80000A60C8 /* Release */ = {
			isa = XCBuildConfiguration;
			buildSettings = {
				ALWAYS_SEARCH_USER_PATHS = NO;
				CLANG_ANALYZER_NONNULL = YES;
				CLANG_ANALYZER_NUMBER_OBJECT_CONVERSION = YES_AGGRESSIVE;
				CLANG_CXX_LANGUAGE_STANDARD = "gnu++14";
				CLANG_CXX_LIBRARY = "libc++";
				CLANG_ENABLE_MODULES = YES;
				CLANG_ENABLE_OBJC_ARC = YES;
				CLANG_ENABLE_OBJC_WEAK = YES;
				CLANG_WARN_BLOCK_CAPTURE_AUTORELEASING = YES;
				CLANG_WARN_BOOL_CONVERSION = YES;
				CLANG_WARN_COMMA = YES;
				CLANG_WARN_CONSTANT_CONVERSION = YES;
				CLANG_WARN_DEPRECATED_OBJC_IMPLEMENTATIONS = YES;
				CLANG_WARN_DIRECT_OBJC_ISA_USAGE = YES_ERROR;
				CLANG_WARN_DOCUMENTATION_COMMENTS = YES;
				CLANG_WARN_EMPTY_BODY = YES;
				CLANG_WARN_ENUM_CONVERSION = YES;
				CLANG_WARN_INFINITE_RECURSION = YES;
				CLANG_WARN_INT_CONVERSION = YES;
				CLANG_WARN_NON_LITERAL_NULL_CONVERSION = YES;
				CLANG_WARN_OBJC_IMPLICIT_RETAIN_SELF = YES;
				CLANG_WARN_OBJC_LITERAL_CONVERSION = YES;
				CLANG_WARN_OBJC_ROOT_CLASS = YES_ERROR;
				CLANG_WARN_RANGE_LOOP_ANALYSIS = YES;
				CLANG_WARN_STRICT_PROTOTYPES = YES;
				CLANG_WARN_SUSPICIOUS_MOVE = YES;
				CLANG_WARN_UNGUARDED_AVAILABILITY = YES_AGGRESSIVE;
				CLANG_WARN_UNREACHABLE_CODE = YES;
				CLANG_WARN__DUPLICATE_METHOD_MATCH = YES;
				CODE_SIGN_IDENTITY = "iPhone Developer";
				COPY_PHASE_STRIP = NO;
				DEBUG_INFORMATION_FORMAT = "dwarf-with-dsym";
				ENABLE_NS_ASSERTIONS = NO;
				ENABLE_STRICT_OBJC_MSGSEND = YES;
				GCC_C_LANGUAGE_STANDARD = gnu11;
				GCC_NO_COMMON_BLOCKS = YES;
				GCC_WARN_64_TO_32_BIT_CONVERSION = YES;
				GCC_WARN_ABOUT_RETURN_TYPE = YES_ERROR;
				GCC_WARN_UNDECLARED_SELECTOR = YES;
				GCC_WARN_UNINITIALIZED_AUTOS = YES_AGGRESSIVE;
				GCC_WARN_UNUSED_FUNCTION = YES;
				GCC_WARN_UNUSED_VARIABLE = YES;
				IPHONEOS_DEPLOYMENT_TARGET = 11.4;
				MTL_ENABLE_DEBUG_INFO = NO;
				SDKROOT = iphoneos;
				SWIFT_COMPILATION_MODE = wholemodule;
				SWIFT_OPTIMIZATION_LEVEL = "-O";
				VALIDATE_PRODUCT = YES;
			};
			name = Release;
		};
		DEFB0AFC2126EC80000A60C8 /* Debug */ = {
			isa = XCBuildConfiguration;
			buildSettings = {
				ASSETCATALOG_COMPILER_APPICON_NAME = AppIcon;
				CODE_SIGN_STYLE = Automatic;
				DEVELOPMENT_TEAM = KX5APJYJLU;
				INFOPLIST_FILE = SwipeToPauseAnimation/Info.plist;
				LD_RUNPATH_SEARCH_PATHS = (
					"$(inherited)",
					"@executable_path/Frameworks",
				);
				PRODUCT_BUNDLE_IDENTIFIER = com.SwipeToPauseAnimation;
				PRODUCT_NAME = "$(TARGET_NAME)";
				SWIFT_VERSION = 4.0;
				TARGETED_DEVICE_FAMILY = "1,2";
			};
			name = Debug;
		};
		DEFB0AFD2126EC80000A60C8 /* Release */ = {
			isa = XCBuildConfiguration;
			buildSettings = {
				ASSETCATALOG_COMPILER_APPICON_NAME = AppIcon;
				CODE_SIGN_STYLE = Automatic;
				DEVELOPMENT_TEAM = KX5APJYJLU;
				INFOPLIST_FILE = SwipeToPauseAnimation/Info.plist;
				LD_RUNPATH_SEARCH_PATHS = (
					"$(inherited)",
					"@executable_path/Frameworks",
				);
				PRODUCT_BUNDLE_IDENTIFIER = com.SwipeToPauseAnimation;
				PRODUCT_NAME = "$(TARGET_NAME)";
				SWIFT_VERSION = 4.0;
				TARGETED_DEVICE_FAMILY = "1,2";
			};
			name = Release;
		};
/* End XCBuildConfiguration section */

/* Begin XCConfigurationList section */
		DEFB0AE42126EC7F000A60C8 /* Build configuration list for PBXProject "SwipeToPauseAnimation" */ = {
			isa = XCConfigurationList;
			buildConfigurations = (
				DEFB0AF92126EC80000A60C8 /* Debug */,
				DEFB0AFA2126EC80000A60C8 /* Release */,
			);
			defaultConfigurationIsVisible = 0;
			defaultConfigurationName = Release;
		};
		DEFB0AFB2126EC80000A60C8 /* Build configuration list for PBXNativeTarget "SwipeToPauseAnimation" */ = {
			isa = XCConfigurationList;
			buildConfigurations = (
				DEFB0AFC2126EC80000A60C8 /* Debug */,
				DEFB0AFD2126EC80000A60C8 /* Release */,
			);
			defaultConfigurationIsVisible = 0;
			defaultConfigurationName = Release;
		};
/* End XCConfigurationList section */
	};
	rootObject = DEFB0AE12126EC7F000A60C8 /* Project object */;
}
